
Microsoft Visual Studio Solution File, Format Version 12.00
# Visual Studio Version 17
VisualStudioVersion = 17.6.33723.286
MinimumVisualStudioVersion = 10.0.40219.1
Project("{9A19103F-16F7-4668-BE54-9A1E7A4F7556}") = "SortConsole", "SortConsole\SortConsole.csproj", "{12BA6FBE-37BB-4EDD-850E-272BFAEB4AD9}"
EndProject
Project("{FAE04EC0-301F-11D3-BF4B-00C04F79EFBC}") = "SortConsole.Test", "SortConsole.Test\SortConsole.Test.csproj", "{D4940C44-BF13-4FD9-B18C-8037C231C1DA}"
EndProject
Global
	GlobalSection(SolutionConfigurationPlatforms) = preSolution
		Debug|Any CPU = Debug|Any CPU
		Release|Any CPU = Release|Any CPU
	EndGlobalSection
	GlobalSection(ProjectConfigurationPlatforms) = postSolution
		{12BA6FBE-37BB-4EDD-850E-272BFAEB4AD9}.Debug|Any CPU.ActiveCfg = Debug|Any CPU
		{12BA6FBE-37BB-4EDD-850E-272BFAEB4AD9}.Debug|Any CPU.Build.0 = Debug|Any CPU
		{12BA6FBE-37BB-4EDD-850E-272BFAEB4AD9}.Release|Any CPU.ActiveCfg = Release|Any CPU
		{12BA6FBE-37BB-4EDD-850E-272BFAEB4AD9}.Release|Any CPU.Build.0 = Release|Any CPU
		{D4940C44-BF13-4FD9-B18C-8037C231C1DA}.Debug|Any CPU.ActiveCfg = Debug|Any CPU
		{D4940C44-BF13-4FD9-B18C-8037C231C1DA}.Debug|Any CPU.Build.0 = Debug|Any CPU
		{D4940C44-BF13-4FD9-B18C-8037C231C1DA}.Release|Any CPU.ActiveCfg = Release|Any CPU
		{D4940C44-BF13-4FD9-B18C-8037C231C1DA}.Release|Any CPU.Build.0 = Release|Any CPU
	EndGlobalSection
	GlobalSection(SolutionProperties) = preSolution
		HideSolutionNode = FALSE
	EndGlobalSection
	GlobalSection(ExtensibilityGlobals) = postSolution
		SolutionGuid = {F0501D3F-4F7E-49EF-BB2C-C9F9382ED147}
	EndGlobalSection
EndGlobal
